// !$*UTF8*$!
{
	archiveVersion = 1;
	classes = {
	};
	objectVersion = 46;
	objects = {

/* Begin PBXBuildFile section */
		3E6504A41C234C6A004F62B4 /* AppDelegate.swift in Sources */ = {isa = PBXBuildFile; fileRef = 3E6504A31C234C6A004F62B4 /* AppDelegate.swift */; };
		3E6504A61C234C6A004F62B4 /* ViewController.swift in Sources */ = {isa = PBXBuildFile; fileRef = 3E6504A51C234C6A004F62B4 /* ViewController.swift */; };
		3E6504A91C234C6A004F62B4 /* Main.storyboard in Resources */ = {isa = PBXBuildFile; fileRef = 3E6504A71C234C6A004F62B4 /* Main.storyboard */; };
		3E6504AB1C234C6A004F62B4 /* Assets.xcassets in Resources */ = {isa = PBXBuildFile; fileRef = 3E6504AA1C234C6A004F62B4 /* Assets.xcassets */; };
		3E6504AE1C234C6A004F62B4 /* LaunchScreen.storyboard in Resources */ = {isa = PBXBuildFile; fileRef = 3E6504AC1C234C6A004F62B4 /* LaunchScreen.storyboard */; };
		3E6504B91C234C6B004F62B4 /* CalculatorTests.swift in Sources */ = {isa = PBXBuildFile; fileRef = 3E6504B81C234C6B004F62B4 /* CalculatorTests.swift */; };
		3E6504C41C234C6B004F62B4 /* CalculatorUITests.swift in Sources */ = {isa = PBXBuildFile; fileRef = 3E6504C31C234C6B004F62B4 /* CalculatorUITests.swift */; };
/* End PBXBuildFile section */

/* Begin PBXContainerItemProxy section */
		3E6504B51C234C6B004F62B4 /* PBXContainerItemProxy */ = {
			isa = PBXContainerItemProxy;
			containerPortal = 3E6504981C234C6A004F62B4 /* Project object */;
			proxyType = 1;
			remoteGlobalIDString = 3E65049F1C234C6A004F62B4;
			remoteInfo = Calculator;
		};
		3E6504C01C234C6B004F62B4 /* PBXContainerItemProxy */ = {
			isa = PBXContainerItemProxy;
			containerPortal = 3E6504981C234C6A004F62B4 /* Project object */;
			proxyType = 1;
			remoteGlobalIDString = 3E65049F1C234C6A004F62B4;
			remoteInfo = Calculator;
		};
/* End PBXContainerItemProxy section */

/* Begin PBXFileReference section */
		3E6504A01C234C6A004F62B4 /* Calculator.app */ = {isa = PBXFileReference; explicitFileType = wrapper.application; includeInIndex = 0; path = Calculator.app; sourceTree = BUILT_PRODUCTS_DIR; };
		3E6504A31C234C6A004F62B4 /* AppDelegate.swift */ = {isa = PBXFileReference; lastKnownFileType = sourcecode.swift; path = AppDelegate.swift; sourceTree = "<group>"; };
		3E6504A51C234C6A004F62B4 /* ViewController.swift */ = {isa = PBXFileReference; lastKnownFileType = sourcecode.swift; path = ViewController.swift; sourceTree = "<group>"; };
		3E6504A81C234C6A004F62B4 /* Base */ = {isa = PBXFileReference; lastKnownFileType = file.storyboard; name = Base; path = Base.lproj/Main.storyboard; sourceTree = "<group>"; };
		3E6504AA1C234C6A004F62B4 /* Assets.xcassets */ = {isa = PBXFileReference; lastKnownFileType = folder.assetcatalog; path = Assets.xcassets; sourceTree = "<group>"; };
		3E6504AD1C234C6A004F62B4 /* Base */ = {isa = PBXFileReference; lastKnownFileType = file.storyboard; name = Base; path = Base.lproj/LaunchScreen.storyboard; sourceTree = "<group>"; };
		3E6504AF1C234C6A004F62B4 /* Info.plist */ = {isa = PBXFileReference; lastKnownFileType = text.plist.xml; path = Info.plist; sourceTree = "<group>"; };
		3E6504B41C234C6B004F62B4 /* CalculatorTests.xctest */ = {isa = PBXFileReference; explicitFileType = wrapper.cfbundle; includeInIndex = 0; path = CalculatorTests.xctest; sourceTree = BUILT_PRODUCTS_DIR; };
		3E6504B81C234C6B004F62B4 /* CalculatorTests.swift */ = {isa = PBXFileReference; lastKnownFileType = sourcecode.swift; path = CalculatorTests.swift; sourceTree = "<group>"; };
		3E6504BA1C234C6B004F62B4 /* Info.plist */ = {isa = PBXFileReference; lastKnownFileType = text.plist.xml; path = Info.plist; sourceTree = "<group>"; };
		3E6504BF1C234C6B004F62B4 /* CalculatorUITests.xctest */ = {isa = PBXFileReference; explicitFileType = wrapper.cfbundle; includeInIndex = 0; path = CalculatorUITests.xctest; sourceTree = BUILT_PRODUCTS_DIR; };
		3E6504C31C234C6B004F62B4 /* CalculatorUITests.swift */ = {isa = PBXFileReference; lastKnownFileType = sourcecode.swift; path = CalculatorUITests.swift; sourceTree = "<group>"; };
		3E6504C51C234C6B004F62B4 /* Info.plist */ = {isa = PBXFileReference; lastKnownFileType = text.plist.xml; path = Info.plist; sourceTree = "<group>"; };
/* End PBXFileReference section */

/* Begin PBXFrameworksBuildPhase section */
		3E65049D1C234C6A004F62B4 /* Frameworks */ = {
			isa = PBXFrameworksBuildPhase;
			buildActionMask = 2147483647;
			files = (
			);
			runOnlyForDeploymentPostprocessing = 0;
		};
		3E6504B11C234C6B004F62B4 /* Frameworks */ = {
			isa = PBXFrameworksBuildPhase;
			buildActionMask = 2147483647;
			files = (
			);
			runOnlyForDeploymentPostprocessing = 0;
		};
		3E6504BC1C234C6B004F62B4 /* Frameworks */ = {
			isa = PBXFrameworksBuildPhase;
			buildActionMask = 2147483647;
			files = (
			);
			runOnlyForDeploymentPostprocessing = 0;
		};
/* End PBXFrameworksBuildPhase section */

/* Begin PBXGroup section */
		3E6504971C234C6A004F62B4 = {
			isa = PBXGroup;
			children = (
				3E6504A21C234C6A004F62B4 /* Calculator */,
				3E6504B71C234C6B004F62B4 /* CalculatorTests */,
				3E6504C21C234C6B004F62B4 /* CalculatorUITests */,
				3E6504A11C234C6A004F62B4 /* Products */,
			);
			sourceTree = "<group>";
		};
		3E6504A11C234C6A004F62B4 /* Products */ = {
			isa = PBXGroup;
			children = (
				3E6504A01C234C6A004F62B4 /* Calculator.app */,
				3E6504B41C234C6B004F62B4 /* CalculatorTests.xctest */,
				3E6504BF1C234C6B004F62B4 /* CalculatorUITests.xctest */,
			);
			name = Products;
			sourceTree = "<group>";
		};
		3E6504A21C234C6A004F62B4 /* Calculator */ = {
			isa = PBXGroup;
			children = (
				3E6504A31C234C6A004F62B4 /* AppDelegate.swift */,
				3E6504A51C234C6A004F62B4 /* ViewController.swift */,
				3E6504A71C234C6A004F62B4 /* Main.storyboard */,
				3E6504AA1C234C6A004F62B4 /* Assets.xcassets */,
				3E6504AC1C234C6A004F62B4 /* LaunchScreen.storyboard */,
				3E6504AF1C234C6A004F62B4 /* Info.plist */,
			);
			path = Calculator;
			sourceTree = "<group>";
		};
		3E6504B71C234C6B004F62B4 /* CalculatorTests */ = {
			isa = PBXGroup;
			children = (
				3E6504B81C234C6B004F62B4 /* CalculatorTests.swift */,
				3E6504BA1C234C6B004F62B4 /* Info.plist */,
			);
			path = CalculatorTests;
			sourceTree = "<group>";
		};
		3E6504C21C234C6B004F62B4 /* CalculatorUITests */ = {
			isa = PBXGroup;
			children = (
				3E6504C31C234C6B004F62B4 /* CalculatorUITests.swift */,
				3E6504C51C234C6B004F62B4 /* Info.plist */,
			);
			path = CalculatorUITests;
			sourceTree = "<group>";
		};
/* End PBXGroup section */

/* Begin PBXNativeTarget section */
		3E65049F1C234C6A004F62B4 /* Calculator */ = {
			isa = PBXNativeTarget;
			buildConfigurationList = 3E6504C81C234C6B004F62B4 /* Build configuration list for PBXNativeTarget "Calculator" */;
			buildPhases = (
				3E65049C1C234C6A004F62B4 /* Sources */,
				3E65049D1C234C6A004F62B4 /* Frameworks */,
				3E65049E1C234C6A004F62B4 /* Resources */,
			);
			buildRules = (
			);
			dependencies = (
			);
			name = Calculator;
			productName = Calculator;
			productReference = 3E6504A01C234C6A004F62B4 /* Calculator.app */;
			productType = "com.apple.product-type.application";
		};
		3E6504B31C234C6B004F62B4 /* CalculatorTests */ = {
			isa = PBXNativeTarget;
			buildConfigurationList = 3E6504CB1C234C6B004F62B4 /* Build configuration list for PBXNativeTarget "CalculatorTests" */;
			buildPhases = (
				3E6504B01C234C6B004F62B4 /* Sources */,
				3E6504B11C234C6B004F62B4 /* Frameworks */,
				3E6504B21C234C6B004F62B4 /* Resources */,
			);
			buildRules = (
			);
			dependencies = (
				3E6504B61C234C6B004F62B4 /* PBXTargetDependency */,
			);
			name = CalculatorTests;
			productName = CalculatorTests;
			productReference = 3E6504B41C234C6B004F62B4 /* CalculatorTests.xctest */;
			productType = "com.apple.product-type.bundle.unit-test";
		};
		3E6504BE1C234C6B004F62B4 /* CalculatorUITests */ = {
			isa = PBXNativeTarget;
			buildConfigurationList = 3E6504CE1C234C6B004F62B4 /* Build configuration list for PBXNativeTarget "CalculatorUITests" */;
			buildPhases = (
				3E6504BB1C234C6B004F62B4 /* Sources */,
				3E6504BC1C234C6B004F62B4 /* Frameworks */,
				3E6504BD1C234C6B004F62B4 /* Resources */,
			);
			buildRules = (
			);
			dependencies = (
				3E6504C11C234C6B004F62B4 /* PBXTargetDependency */,
			);
			name = CalculatorUITests;
			productName = CalculatorUITests;
			productReference = 3E6504BF1C234C6B004F62B4 /* CalculatorUITests.xctest */;
			productType = "com.apple.product-type.bundle.ui-testing";
		};
/* End PBXNativeTarget section */

/* Begin PBXProject section */
		3E6504981C234C6A004F62B4 /* Project object */ = {
			isa = PBXProject;
			attributes = {
				LastUpgradeCheck = 0700;
				ORGANIZATIONNAME = "Dace Willmott";
				TargetAttributes = {
					3E65049F1C234C6A004F62B4 = {
						CreatedOnToolsVersion = 7.0.1;
					};
					3E6504B31C234C6B004F62B4 = {
						CreatedOnToolsVersion = 7.0.1;
						TestTargetID = 3E65049F1C234C6A004F62B4;
					};
					3E6504BE1C234C6B004F62B4 = {
						CreatedOnToolsVersion = 7.0.1;
						TestTargetID = 3E65049F1C234C6A004F62B4;
					};
				};
			};
			buildConfigurationList = 3E65049B1C234C6A004F62B4 /* Build configuration list for PBXProject "Calculator" */;
			compatibilityVersion = "Xcode 3.2";
			developmentRegion = English;
			hasScannedForEncodings = 0;
			knownRegions = (
				en,
				Base,
			);
			mainGroup = 3E6504971C234C6A004F62B4;
			productRefGroup = 3E6504A11C234C6A004F62B4 /* Products */;
			projectDirPath = "";
			projectRoot = "";
			targets = (
				3E65049F1C234C6A004F62B4 /* Calculator */,
				3E6504B31C234C6B004F62B4 /* CalculatorTests */,
				3E6504BE1C234C6B004F62B4 /* CalculatorUITests */,
			);
		};
/* End PBXProject section */

/* Begin PBXResourcesBuildPhase section */
		3E65049E1C234C6A004F62B4 /* Resources */ = {
			isa = PBXResourcesBuildPhase;
			buildActionMask = 2147483647;
			files = (
				3E6504AE1C234C6A004F62B4 /* LaunchScreen.storyboard in Resources */,
				3E6504AB1C234C6A004F62B4 /* Assets.xcassets in Resources */,
				3E6504A91C234C6A004F62B4 /* Main.storyboard in Resources */,
			);
			runOnlyForDeploymentPostprocessing = 0;
		};
		3E6504B21C234C6B004F62B4 /* Resources */ = {
			isa = PBXResourcesBuildPhase;
			buildActionMask = 2147483647;
			files = (
			);
			runOnlyForDeploymentPostprocessing = 0;
		};
		3E6504BD1C234C6B004F62B4 /* Resources */ = {
			isa = PBXResourcesBuildPhase;
			buildActionMask = 2147483647;
			files = (
			);
			runOnlyForDeploymentPostprocessing = 0;
		};
/* End PBXResourcesBuildPhase section */

/* Begin PBXSourcesBuildPhase section */
		3E65049C1C234C6A004F62B4 /* Sources */ = {
			isa = PBXSourcesBuildPhase;
			buildActionMask = 2147483647;
			files = (
				3E6504A61C234C6A004F62B4 /* ViewController.swift in Sources */,
				3E6504A41C234C6A004F62B4 /* AppDelegate.swift in Sources */,
			);
			runOnlyForDeploymentPostprocessing = 0;
		};
		3E6504B01C234C6B004F62B4 /* Sources */ = {
			isa = PBXSourcesBuildPhase;
			buildActionMask = 2147483647;
			files = (
				3E6504B91C234C6B004F62B4 /* CalculatorTests.swift in Sources */,
			);
			runOnlyForDeploymentPostprocessing = 0;
		};
		3E6504BB1C234C6B004F62B4 /* Sources */ = {
			isa = PBXSourcesBuildPhase;
			buildActionMask = 2147483647;
			files = (
				3E6504C41C234C6B004F62B4 /* CalculatorUITests.swift in Sources */,
			);
			runOnlyForDeploymentPostprocessing = 0;
		};
/* End PBXSourcesBuildPhase section */

/* Begin PBXTargetDependency section */
		3E6504B61C234C6B004F62B4 /* PBXTargetDependency */ = {
			isa = PBXTargetDependency;
			target = 3E65049F1C234C6A004F62B4 /* Calculator */;
			targetProxy = 3E6504B51C234C6B004F62B4 /* PBXContainerItemProxy */;
		};
		3E6504C11C234C6B004F62B4 /* PBXTargetDependency */ = {
			isa = PBXTargetDependency;
			target = 3E65049F1C234C6A004F62B4 /* Calculator */;
			targetProxy = 3E6504C01C234C6B004F62B4 /* PBXContainerItemProxy */;
		};
/* End PBXTargetDependency section */

/* Begin PBXVariantGroup section */
		3E6504A71C234C6A004F62B4 /* Main.storyboard */ = {
			isa = PBXVariantGroup;
			children = (
				3E6504A81C234C6A004F62B4 /* Base */,
			);
			name = Main.storyboard;
			sourceTree = "<group>";
		};
		3E6504AC1C234C6A004F62B4 /* LaunchScreen.storyboard */ = {
			isa = PBXVariantGroup;
			children = (
				3E6504AD1C234C6A004F62B4 /* Base */,
			);
			name = LaunchScreen.storyboard;
			sourceTree = "<group>";
		};
/* End PBXVariantGroup section */

/* Begin XCBuildConfiguration section */
		3E6504C61C234C6B004F62B4 /* Debug */ = {
			isa = XCBuildConfiguration;
			buildSettings = {
				ALWAYS_SEARCH_USER_PATHS = NO;
				CLANG_CXX_LANGUAGE_STANDARD = "gnu++0x";
				CLANG_CXX_LIBRARY = "libc++";
				CLANG_ENABLE_MODULES = YES;
				CLANG_ENABLE_OBJC_ARC = YES;
				CLANG_WARN_BOOL_CONVERSION = YES;
				CLANG_WARN_CONSTANT_CONVERSION = YES;
				CLANG_WARN_DIRECT_OBJC_ISA_USAGE = YES_ERROR;
				CLANG_WARN_EMPTY_BODY = YES;
				CLANG_WARN_ENUM_CONVERSION = YES;
				CLANG_WARN_INT_CONVERSION = YES;
				CLANG_WARN_OBJC_ROOT_CLASS = YES_ERROR;
				CLANG_WARN_UNREACHABLE_CODE = YES;
				CLANG_WARN__DUPLICATE_METHOD_MATCH = YES;
				"CODE_SIGN_IDENTITY[sdk=iphoneos*]" = "iPhone Developer";
				COPY_PHASE_STRIP = NO;
				DEBUG_INFORMATION_FORMAT = dwarf;
				ENABLE_STRICT_OBJC_MSGSEND = YES;
				ENABLE_TESTABILITY = YES;
				GCC_C_LANGUAGE_STANDARD = gnu99;
				GCC_DYNAMIC_NO_PIC = NO;
				GCC_NO_COMMON_BLOCKS = YES;
				GCC_OPTIMIZATION_LEVEL = 0;
				GCC_PREPROCESSOR_DEFINITIONS = (
					"DEBUG=1",
					"$(inherited)",
				);
				GCC_WARN_64_TO_32_BIT_CONVERSION = YES;
				GCC_WARN_ABOUT_RETURN_TYPE = YES_ERROR;
				GCC_WARN_UNDECLARED_SELECTOR = YES;
				GCC_WARN_UNINITIALIZED_AUTOS = YES_AGGRESSIVE;
				GCC_WARN_UNUSED_FUNCTION = YES;
				GCC_WARN_UNUSED_VARIABLE = YES;
				IPHONEOS_DEPLOYMENT_TARGET = 9.0;
				MTL_ENABLE_DEBUG_INFO = YES;
				ONLY_ACTIVE_ARCH = YES;
				SDKROOT = iphoneos;
				SWIFT_OPTIMIZATION_LEVEL = "-Onone";
				TARGETED_DEVICE_FAMILY = "1,2";
			};
			name = Debug;
		};
		3E6504C71C234C6B004F62B4 /* Release */ = {
			isa = XCBuildConfiguration;
			buildSettings = {
				ALWAYS_SEARCH_USER_PATHS = NO;
				CLANG_CXX_LANGUAGE_STANDARD = "gnu++0x";
				CLANG_CXX_LIBRARY = "libc++";
				CLANG_ENABLE_MODULES = YES;
				CLANG_ENABLE_OBJC_ARC = YES;
				CLANG_WARN_BOOL_CONVERSION = YES;
				CLANG_WARN_CONSTANT_CONVERSION = YES;
				CLANG_WARN_DIRECT_OBJC_ISA_USAGE = YES_ERROR;
				CLANG_WARN_EMPTY_BODY = YES;
				CLANG_WARN_ENUM_CONVERSION = YES;
				CLANG_WARN_INT_CONVERSION = YES;
				CLANG_WARN_OBJC_ROOT_CLASS = YES_ERROR;
				CLANG_WARN_UNREACHABLE_CODE = YES;
				CLANG_WARN__DUPLICATE_METHOD_MATCH = YES;
				"CODE_SIGN_IDENTITY[sdk=iphoneos*]" = "iPhone Developer";
				COPY_PHASE_STRIP = NO;
				DEBUG_INFORMATION_FORMAT = "dwarf-with-dsym";
				ENABLE_NS_ASSERTIONS = NO;
				ENABLE_STRICT_OBJC_MSGSEND = YES;
				GCC_C_LANGUAGE_STANDARD = gnu99;
				GCC_NO_COMMON_BLOCKS = YES;
				GCC_WARN_64_TO_32_BIT_CONVERSION = YES;
				GCC_WARN_ABOUT_RETURN_TYPE = YES_ERROR;
				GCC_WARN_UNDECLARED_SELECTOR = YES;
				GCC_WARN_UNINITIALIZED_AUTOS = YES_AGGRESSIVE;
				GCC_WARN_UNUSED_FUNCTION = YES;
				GCC_WARN_UNUSED_VARIABLE = YES;
				IPHONEOS_DEPLOYMENT_TARGET = 9.0;
				MTL_ENABLE_DEBUG_INFO = NO;
				SDKROOT = iphoneos;
				TARGETED_DEVICE_FAMILY = "1,2";
				VALIDATE_PRODUCT = YES;
			};
			name = Release;
		};
		3E6504C91C234C6B004F62B4 /* Debug */ = {
			isa = XCBuildConfiguration;
			buildSettings = {
				ASSETCATALOG_COMPILER_APPICON_NAME = AppIcon;
				INFOPLIST_FILE = Calculator/Info.plist;
				LD_RUNPATH_SEARCH_PATHS = "$(inherited) @executable_path/Frameworks";
				PRODUCT_BUNDLE_IDENTIFIER = dace.willmott.Calculator;
				PRODUCT_NAME = "$(TARGET_NAME)";
			};
			name = Debug;
		};
		3E6504CA1C234C6B004F62B4 /* Release */ = {
			isa = XCBuildConfiguration;
			buildSettings = {
				ASSETCATALOG_COMPILER_APPICON_NAME = AppIcon;
				INFOPLIST_FILE = Calculator/Info.plist;
				LD_RUNPATH_SEARCH_PATHS = "$(inherited) @executable_path/Frameworks";
				PRODUCT_BUNDLE_IDENTIFIER = dace.willmott.Calculator;
				PRODUCT_NAME = "$(TARGET_NAME)";
			};
			name = Release;
		};
		3E6504CC1C234C6B004F62B4 /* Debug */ = {
			isa = XCBuildConfiguration;
			buildSettings = {
				BUNDLE_LOADER = "$(TEST_HOST)";
				INFOPLIST_FILE = CalculatorTests/Info.plist;
				LD_RUNPATH_SEARCH_PATHS = "$(inherited) @executable_path/Frameworks @loader_path/Frameworks";
				PRODUCT_BUNDLE_IDENTIFIER = dace.willmott.CalculatorTests;
				PRODUCT_NAME = "$(TARGET_NAME)";
				TEST_HOST = "$(BUILT_PRODUCTS_DIR)/Calculator.app/Calculator";
			};
			name = Debug;
		};
		3E6504CD1C234C6B004F62B4 /* Release */ = {
			isa = XCBuildConfiguration;
			buildSettings = {
				BUNDLE_LOADER = "$(TEST_HOST)";
				INFOPLIST_FILE = CalculatorTests/Info.plist;
				LD_RUNPATH_SEARCH_PATHS = "$(inherited) @executable_path/Frameworks @loader_path/Frameworks";
				PRODUCT_BUNDLE_IDENTIFIER = dace.willmott.CalculatorTests;
				PRODUCT_NAME = "$(TARGET_NAME)";
				TEST_HOST = "$(BUILT_PRODUCTS_DIR)/Calculator.app/Calculator";
			};
			name = Release;
		};
		3E6504CF1C234C6B004F62B4 /* Debug */ = {
			isa = XCBuildConfiguration;
			buildSettings = {
				INFOPLIST_FILE = CalculatorUITests/Info.plist;
				LD_RUNPATH_SEARCH_PATHS = "$(inherited) @executable_path/Frameworks @loader_path/Frameworks";
				PRODUCT_BUNDLE_IDENTIFIER = dace.willmott.CalculatorUITests;
				PRODUCT_NAME = "$(TARGET_NAME)";
				TEST_TARGET_NAME = Calculator;
				USES_XCTRUNNER = YES;
			};
			name = Debug;
		};
		3E6504D01C234C6B004F62B4 /* Release */ = {
			isa = XCBuildConfiguration;
			buildSettings = {
				INFOPLIST_FILE = CalculatorUITests/Info.plist;
				LD_RUNPATH_SEARCH_PATHS = "$(inherited) @executable_path/Frameworks @loader_path/Frameworks";
				PRODUCT_BUNDLE_IDENTIFIER = dace.willmott.CalculatorUITests;
				PRODUCT_NAME = "$(TARGET_NAME)";
				TEST_TARGET_NAME = Calculator;
				USES_XCTRUNNER = YES;
			};
			name = Release;
		};
/* End XCBuildConfiguration section */

/* Begin XCConfigurationList section */
		3E65049B1C234C6A004F62B4 /* Build configuration list for PBXProject "Calculator" */ = {
			isa = XCConfigurationList;
			buildConfigurations = (
				3E6504C61C234C6B004F62B4 /* Debug */,
				3E6504C71C234C6B004F62B4 /* Release */,
			);
			defaultConfigurationIsVisible = 0;
			defaultConfigurationName = Release;
		};
		3E6504C81C234C6B004F62B4 /* Build configuration list for PBXNativeTarget "Calculator" */ = {
			isa = XCConfigurationList;
			buildConfigurations = (
				3E6504C91C234C6B004F62B4 /* Debug */,
				3E6504CA1C234C6B004F62B4 /* Release */,
			);
			defaultConfigurationIsVisible = 0;
		};
		3E6504CB1C234C6B004F62B4 /* Build configuration list for PBXNativeTarget "CalculatorTests" */ = {
			isa = XCConfigurationList;
			buildConfigurations = (
				3E6504CC1C234C6B004F62B4 /* Debug */,
				3E6504CD1C234C6B004F62B4 /* Release */,
			);
			defaultConfigurationIsVisible = 0;
		};
		3E6504CE1C234C6B004F62B4 /* Build configuration list for PBXNativeTarget "CalculatorUITests" */ = {
			isa = XCConfigurationList;
			buildConfigurations = (
				3E6504CF1C234C6B004F62B4 /* Debug */,
				3E6504D01C234C6B004F62B4 /* Release */,
			);
			defaultConfigurationIsVisible = 0;
		};
/* End XCConfigurationList section */
	};
	rootObject = 3E6504981C234C6A004F62B4 /* Project object */;
}
